
Microsoft Visual Studio Solution File, Format Version 12.00
Project("{FAE04EC0-301F-11D3-BF4B-00C04F79EFBC}") = "MayhemSCP500s", "MayhemSCP500s\MayhemSCP500s.csproj", "{5648570B-B487-430B-92BF-2DBE69E8059A}"
EndProject
Global
	GlobalSection(SolutionConfigurationPlatforms) = preSolution
		Debug|Any CPU = Debug|Any CPU
		Release|Any CPU = Release|Any CPU
	EndGlobalSection
	GlobalSection(ProjectConfigurationPlatforms) = postSolution
		{5648570B-B487-430B-92BF-2DBE69E8059A}.Debug|Any CPU.ActiveCfg = Debug|Any CPU
		{5648570B-B487-430B-92BF-2DBE69E8059A}.Debug|Any CPU.Build.0 = Debug|Any CPU
		{5648570B-B487-430B-92BF-2DBE69E8059A}.Release|Any CPU.ActiveCfg = Release|Any CPU
		{5648570B-B487-430B-92BF-2DBE69E8059A}.Release|Any CPU.Build.0 = Release|Any CPU
	EndGlobalSection
EndGlobal
